{
  "name": "mi-bot",
  "version": "1.0.0",
  "lockfileVersion": 3,
  "requires": true,
  "packages": {
    "": {
      "name": "mi-bot",
      "version": "1.0.0",
      "license": "MIT",
      "dependencies": {
        "@hapi/boom": "^10.0.0",
        "@whiskeysockets/baileys": "^6.7.18"
      }
    }
  }
}
